<Solution>
  <Folder Name="/src/">
    <Project Path="src/IronMapper.Generator/IronMapper.Generator.csproj" />
    <Project Path="src/IronMapper/IronMapper.csproj" />
    <Project Path="src/IronMapper.Extensions.DI/IronMapper.Extensions.DI.csproj" />
  </Folder>
  <Folder Name="/tests/">
    <Project Path="tests/IronMapper.Benchmarks/IronMapper.Benchmarks.csproj" />
    <Project Path="tests/IronMapper.Generator.Tests/IronMapper.Generator.Tests.csproj" />
    <Project Path="tests/IronMapper.Tests/IronMapper.Tests.csproj" />
    <Project Path="tests/IronMapper.Integration.Tests/IronMapper.Integration.Tests.csproj" />
  </Folder>
</Solution>
